
Microsoft Visual Studio Solution File, Format Version 12.00
# Visual Studio Version 17
VisualStudioVersion = 17.14.36518.9 d17.14
MinimumVisualStudioVersion = 10.0.40219.1
Project("{8BC9CEB8-8B4A-11D0-8D11-00A0C91BC942}") = "CG-Assignment", "CG-Assignment\CG-Assignment.vcxproj", "{E39E6622-6ED5-4254-B392-6ECA885ED29C}"
EndProject
Global
	GlobalSection(SolutionConfigurationPlatforms) = preSolution
		Debug|x64 = Debug|x64
		Debug|x86 = Debug|x86
		Release|x64 = Release|x64
		Release|x86 = Release|x86
	EndGlobalSection
	GlobalSection(ProjectConfigurationPlatforms) = postSolution
		{E39E6622-6ED5-4254-B392-6ECA885ED29C}.Debug|x64.ActiveCfg = Debug|x64
		{E39E6622-6ED5-4254-B392-6ECA885ED29C}.Debug|x64.Build.0 = Debug|x64
		{E39E6622-6ED5-4254-B392-6ECA885ED29C}.Debug|x86.ActiveCfg = Debug|Win32
		{E39E6622-6ED5-4254-B392-6ECA885ED29C}.Debug|x86.Build.0 = Debug|Win32
		{E39E6622-6ED5-4254-B392-6ECA885ED29C}.Release|x64.ActiveCfg = Release|x64
		{E39E6622-6ED5-4254-B392-6ECA885ED29C}.Release|x64.Build.0 = Release|x64
		{E39E6622-6ED5-4254-B392-6ECA885ED29C}.Release|x86.ActiveCfg = Release|Win32
		{E39E6622-6ED5-4254-B392-6ECA885ED29C}.Release|x86.Build.0 = Release|Win32
	EndGlobalSection
	GlobalSection(SolutionProperties) = preSolution
		HideSolutionNode = FALSE
	EndGlobalSection
	GlobalSection(ExtensibilityGlobals) = postSolution
		SolutionGuid = {CCDCFB44-A5DF-4919-B61D-DCD0F5611EA8}
	EndGlobalSection
EndGlobal
